
Microsoft Visual Studio Solution File, Format Version 12.00
# Visual Studio 15
VisualStudioVersion = 15.0.27703.2042
MinimumVisualStudioVersion = 10.0.40219.1
Project("{FAE04EC0-301F-11D3-BF4B-00C04F79EFBC}") = "Spy Asset Tracker", "Spy Asset Tracker\Spy Asset Tracker.csproj", "{7BDC8F8B-FE98-4720-9DCD-93D979F24AA9}"
EndProject
Global
	GlobalSection(SolutionConfigurationPlatforms) = preSolution
		Debug|Any CPU = Debug|Any CPU
		Release|Any CPU = Release|Any CPU
	EndGlobalSection
	GlobalSection(ProjectConfigurationPlatforms) = postSolution
		{7BDC8F8B-FE98-4720-9DCD-93D979F24AA9}.Debug|Any CPU.ActiveCfg = Debug|Any CPU
		{7BDC8F8B-FE98-4720-9DCD-93D979F24AA9}.Debug|Any CPU.Build.0 = Debug|Any CPU
		{7BDC8F8B-FE98-4720-9DCD-93D979F24AA9}.Release|Any CPU.ActiveCfg = Release|Any CPU
		{7BDC8F8B-FE98-4720-9DCD-93D979F24AA9}.Release|Any CPU.Build.0 = Release|Any CPU
	EndGlobalSection
	GlobalSection(SolutionProperties) = preSolution
		HideSolutionNode = FALSE
	EndGlobalSection
	GlobalSection(ExtensibilityGlobals) = postSolution
		SolutionGuid = {BE1323DB-893D-487C-8E19-CA91768C36A5}
	EndGlobalSection
EndGlobal
